
Microsoft Visual Studio Solution File, Format Version 12.00
# Visual Studio Version 17
VisualStudioVersion = 17.12.35323.107
MinimumVisualStudioVersion = 10.0.40219.1
Project("{FAE04EC0-301F-11D3-BF4B-00C04F79EFBC}") = "Demo1", "Demo1\Demo1.csproj", "{8028CC09-0F6D-4D23-9388-0B5E24B1D587}"
EndProject
Project("{FAE04EC0-301F-11D3-BF4B-00C04F79EFBC}") = "DemoLib", "DemoLib\DemoLib.csproj", "{B91A21DB-582F-4533-9CE6-28AF4D2C90F4}"
EndProject
Project("{FAE04EC0-301F-11D3-BF4B-00C04F79EFBC}") = "Demo2", "Demo2\Demo2.csproj", "{AE41F009-6DE7-432F-8EA7-9D6700A8063C}"
EndProject
Global
	GlobalSection(SolutionConfigurationPlatforms) = preSolution
		Debug|Any CPU = Debug|Any CPU
		Release|Any CPU = Release|Any CPU
	EndGlobalSection
	GlobalSection(ProjectConfigurationPlatforms) = postSolution
		{8028CC09-0F6D-4D23-9388-0B5E24B1D587}.Debug|Any CPU.ActiveCfg = Debug|Any CPU
		{8028CC09-0F6D-4D23-9388-0B5E24B1D587}.Debug|Any CPU.Build.0 = Debug|Any CPU
		{8028CC09-0F6D-4D23-9388-0B5E24B1D587}.Release|Any CPU.ActiveCfg = Release|Any CPU
		{8028CC09-0F6D-4D23-9388-0B5E24B1D587}.Release|Any CPU.Build.0 = Release|Any CPU
		{B91A21DB-582F-4533-9CE6-28AF4D2C90F4}.Debug|Any CPU.ActiveCfg = Debug|Any CPU
		{B91A21DB-582F-4533-9CE6-28AF4D2C90F4}.Debug|Any CPU.Build.0 = Debug|Any CPU
		{B91A21DB-582F-4533-9CE6-28AF4D2C90F4}.Release|Any CPU.ActiveCfg = Release|Any CPU
		{B91A21DB-582F-4533-9CE6-28AF4D2C90F4}.Release|Any CPU.Build.0 = Release|Any CPU
		{AE41F009-6DE7-432F-8EA7-9D6700A8063C}.Debug|Any CPU.ActiveCfg = Debug|Any CPU
		{AE41F009-6DE7-432F-8EA7-9D6700A8063C}.Debug|Any CPU.Build.0 = Debug|Any CPU
		{AE41F009-6DE7-432F-8EA7-9D6700A8063C}.Release|Any CPU.ActiveCfg = Release|Any CPU
		{AE41F009-6DE7-432F-8EA7-9D6700A8063C}.Release|Any CPU.Build.0 = Release|Any CPU
	EndGlobalSection
	GlobalSection(SolutionProperties) = preSolution
		HideSolutionNode = FALSE
	EndGlobalSection
	GlobalSection(ExtensibilityGlobals) = postSolution
		SolutionGuid = {DEA65D73-A950-4DF0-A64E-13A515D7A25E}
	EndGlobalSection
EndGlobal
